
Microsoft Visual Studio Solution File, Format Version 12.00
# Visual Studio Version 17
VisualStudioVersion = 17.6.33815.320
MinimumVisualStudioVersion = 10.0.40219.1
Project("{9A19103F-16F7-4668-BE54-9A1E7A4F7556}") = "Car_Dealership", "Car Dealership\Car_Dealership.csproj", "{9825FF00-10C6-4979-BBC8-001C5E3D7BBF}"
EndProject
Global
	GlobalSection(SolutionConfigurationPlatforms) = preSolution
		Debug|Any CPU = Debug|Any CPU
		Release|Any CPU = Release|Any CPU
	EndGlobalSection
	GlobalSection(ProjectConfigurationPlatforms) = postSolution
		{9825FF00-10C6-4979-BBC8-001C5E3D7BBF}.Debug|Any CPU.ActiveCfg = Debug|Any CPU
		{9825FF00-10C6-4979-BBC8-001C5E3D7BBF}.Debug|Any CPU.Build.0 = Debug|Any CPU
		{9825FF00-10C6-4979-BBC8-001C5E3D7BBF}.Release|Any CPU.ActiveCfg = Release|Any CPU
		{9825FF00-10C6-4979-BBC8-001C5E3D7BBF}.Release|Any CPU.Build.0 = Release|Any CPU
	EndGlobalSection
	GlobalSection(SolutionProperties) = preSolution
		HideSolutionNode = FALSE
	EndGlobalSection
	GlobalSection(ExtensibilityGlobals) = postSolution
		SolutionGuid = {23105C85-8E37-4614-82A6-A691E912B487}
	EndGlobalSection
EndGlobal
